// !$*UTF8*$!
{
	archiveVersion = 1;
	classes = {
	};
	objectVersion = 48;
	objects = {

/* Begin PBXFileReference section */
		8703366D200B680A0060366D /* public */ = {isa = PBXFileReference; lastKnownFileType = folder; path = public; sourceTree = "<group>"; };
		8703366E200B680A0060366D /* static */ = {isa = PBXFileReference; lastKnownFileType = folder; path = static; sourceTree = "<group>"; };
		8703366F200B680A0060366D /* deploy.sh */ = {isa = PBXFileReference; lastKnownFileType = text.script.sh; path = deploy.sh; sourceTree = "<group>"; };
		87033670200B680A0060366D /* archetypes */ = {isa = PBXFileReference; lastKnownFileType = folder; path = archetypes; sourceTree = "<group>"; };
		87033671200B680B0060366D /* content */ = {isa = PBXFileReference; lastKnownFileType = folder; path = content; sourceTree = "<group>"; };
		87033672200B680B0060366D /* config.toml */ = {isa = PBXFileReference; lastKnownFileType = text; path = config.toml; sourceTree = "<group>"; };
		87033673200B680B0060366D /* themes */ = {isa = PBXFileReference; lastKnownFileType = folder; path = themes; sourceTree = "<group>"; };
		87033674200B69B10060366D /* layouts */ = {isa = PBXFileReference; lastKnownFileType = folder; path = layouts; sourceTree = "<group>"; };
/* End PBXFileReference section */

/* Begin PBXGroup section */
		87033666200B67DE0060366D = {
			isa = PBXGroup;
			children = (
				87033672200B680B0060366D /* config.toml */,
				8703366F200B680A0060366D /* deploy.sh */,
				87033670200B680A0060366D /* archetypes */,
				87033671200B680B0060366D /* content */,
				87033674200B69B10060366D /* layouts */,
				8703366E200B680A0060366D /* static */,
				87033673200B680B0060366D /* themes */,
				8703366D200B680A0060366D /* public */,
			);
			sourceTree = "<group>";
		};
/* End PBXGroup section */

/* Begin PBXProject section */
		87033667200B67DE0060366D /* Project object */ = {
			isa = PBXProject;
			attributes = {
				LastUpgradeCheck = 0920;
			};
			buildConfigurationList = 8703366A200B67DE0060366D /* Build configuration list for PBXProject "blog" */;
			compatibilityVersion = "Xcode 8.0";
			developmentRegion = en;
			hasScannedForEncodings = 0;
			knownRegions = (
				en,
			);
			mainGroup = 87033666200B67DE0060366D;
			projectDirPath = "";
			projectRoot = "";
			targets = (
			);
		};
/* End PBXProject section */

/* Begin XCBuildConfiguration section */
		8703366B200B67DE0060366D /* Debug */ = {
			isa = XCBuildConfiguration;
			buildSettings = {
			};
			name = Debug;
		};
		8703366C200B67DE0060366D /* Release */ = {
			isa = XCBuildConfiguration;
			buildSettings = {
			};
			name = Release;
		};
/* End XCBuildConfiguration section */

/* Begin XCConfigurationList section */
		8703366A200B67DE0060366D /* Build configuration list for PBXProject "blog" */ = {
			isa = XCConfigurationList;
			buildConfigurations = (
				8703366B200B67DE0060366D /* Debug */,
				8703366C200B67DE0060366D /* Release */,
			);
			defaultConfigurationIsVisible = 0;
			defaultConfigurationName = Release;
		};
/* End XCConfigurationList section */
	};
	rootObject = 87033667200B67DE0060366D /* Project object */;
}
